
Microsoft Visual Studio Solution File, Format Version 12.00
# Visual Studio Version 16
VisualStudioVersion = 16.0.30717.126
MinimumVisualStudioVersion = 10.0.40219.1
Project("{FAE04EC0-301F-11D3-BF4B-00C04F79EFBC}") = "WindowsFormsApp1", "WindowsFormsApp1.csproj", "{60875767-F70B-4085-BFAD-496C2CAA61EA}"
EndProject
Global
	GlobalSection(SolutionConfigurationPlatforms) = preSolution
		Debug|Any CPU = Debug|Any CPU
		Release|Any CPU = Release|Any CPU
	EndGlobalSection
	GlobalSection(ProjectConfigurationPlatforms) = postSolution
		{60875767-F70B-4085-BFAD-496C2CAA61EA}.Debug|Any CPU.ActiveCfg = Debug|Any CPU
		{60875767-F70B-4085-BFAD-496C2CAA61EA}.Debug|Any CPU.Build.0 = Debug|Any CPU
		{60875767-F70B-4085-BFAD-496C2CAA61EA}.Release|Any CPU.ActiveCfg = Release|Any CPU
		{60875767-F70B-4085-BFAD-496C2CAA61EA}.Release|Any CPU.Build.0 = Release|Any CPU
	EndGlobalSection
	GlobalSection(SolutionProperties) = preSolution
		HideSolutionNode = FALSE
	EndGlobalSection
	GlobalSection(ExtensibilityGlobals) = postSolution
		SolutionGuid = {3EF3F89E-20C1-4D1F-A240-E791B201502B}
	EndGlobalSection
EndGlobal
